# Prisma Migrate lockfile v1

20200824125502-inital-migration
20200824132116-fix-event
20200825134706-add-priority
20200901164927-change-db-schema
20200901173912-add-main-event-banner-id-to-setting
20200902115201-add-maini-mage
20200902115435-add-event-contents-image
20200902135648-add-question-option-to-setting
20200902151100-add-search-period-to-setting